
Microsoft Visual Studio Solution File, Format Version 12.00
# Visual Studio Version 17
VisualStudioVersion = 17.2.32630.192
MinimumVisualStudioVersion = 10.0.40219.1
Project("{FAE04EC0-301F-11D3-BF4B-00C04F79EFBC}") = "EShopManagementSystem", "EShopManagementSystem\EShopManagementSystem.csproj", "{A50DD2D9-660B-4BF8-B99B-FEA897D83F17}"
EndProject
Global
	GlobalSection(SolutionConfigurationPlatforms) = preSolution
		Debug|Any CPU = Debug|Any CPU
		Release|Any CPU = Release|Any CPU
	EndGlobalSection
	GlobalSection(ProjectConfigurationPlatforms) = postSolution
		{A50DD2D9-660B-4BF8-B99B-FEA897D83F17}.Debug|Any CPU.ActiveCfg = Debug|Any CPU
		{A50DD2D9-660B-4BF8-B99B-FEA897D83F17}.Debug|Any CPU.Build.0 = Debug|Any CPU
		{A50DD2D9-660B-4BF8-B99B-FEA897D83F17}.Release|Any CPU.ActiveCfg = Release|Any CPU
		{A50DD2D9-660B-4BF8-B99B-FEA897D83F17}.Release|Any CPU.Build.0 = Release|Any CPU
	EndGlobalSection
	GlobalSection(SolutionProperties) = preSolution
		HideSolutionNode = FALSE
	EndGlobalSection
	GlobalSection(ExtensibilityGlobals) = postSolution
		SolutionGuid = {88A3690E-3AD1-4DA9-BD05-4886C4C11903}
	EndGlobalSection
EndGlobal
